
Microsoft Visual Studio Solution File, Format Version 12.00
# Visual Studio Version 17
VisualStudioVersion = 17.10.35122.118
MinimumVisualStudioVersion = 10.0.40219.1
Project("{9A19103F-16F7-4668-BE54-9A1E7A4F7556}") = "OrderProcessUsingMassTransitRabbitMq.Producer", "OrderProcessUsingMassTransitRabbitMq.Producer\OrderProcessUsingMassTransitRabbitMq.Producer.csproj", "{239D774A-EEBD-4B58-AADA-B63F83BE7428}"
EndProject
Project("{FAE04EC0-301F-11D3-BF4B-00C04F79EFBC}") = "OrderProcessUsingMassTransitRabbitMq.Consumer", "OrderProcessUsingMassTransitRabbitMq.Consumer\OrderProcessUsingMassTransitRabbitMq.Consumer.csproj", "{C8743415-564E-4EB7-B191-71514966F5E2}"
EndProject
Project("{FAE04EC0-301F-11D3-BF4B-00C04F79EFBC}") = "OrderProcessUsingMassTransitRabbitMq.SharedModels", "OrderProcessUsingMassTransitRabbitMq.SharedModels\OrderProcessUsingMassTransitRabbitMq.SharedModels.csproj", "{9B968741-411F-484A-809B-B1869F610A69}"
EndProject
Global
	GlobalSection(SolutionConfigurationPlatforms) = preSolution
		Debug|Any CPU = Debug|Any CPU
		Release|Any CPU = Release|Any CPU
	EndGlobalSection
	GlobalSection(ProjectConfigurationPlatforms) = postSolution
		{239D774A-EEBD-4B58-AADA-B63F83BE7428}.Debug|Any CPU.ActiveCfg = Debug|Any CPU
		{239D774A-EEBD-4B58-AADA-B63F83BE7428}.Debug|Any CPU.Build.0 = Debug|Any CPU
		{239D774A-EEBD-4B58-AADA-B63F83BE7428}.Release|Any CPU.ActiveCfg = Release|Any CPU
		{239D774A-EEBD-4B58-AADA-B63F83BE7428}.Release|Any CPU.Build.0 = Release|Any CPU
		{C8743415-564E-4EB7-B191-71514966F5E2}.Debug|Any CPU.ActiveCfg = Debug|Any CPU
		{C8743415-564E-4EB7-B191-71514966F5E2}.Debug|Any CPU.Build.0 = Debug|Any CPU
		{C8743415-564E-4EB7-B191-71514966F5E2}.Release|Any CPU.ActiveCfg = Release|Any CPU
		{C8743415-564E-4EB7-B191-71514966F5E2}.Release|Any CPU.Build.0 = Release|Any CPU
		{9B968741-411F-484A-809B-B1869F610A69}.Debug|Any CPU.ActiveCfg = Debug|Any CPU
		{9B968741-411F-484A-809B-B1869F610A69}.Debug|Any CPU.Build.0 = Debug|Any CPU
		{9B968741-411F-484A-809B-B1869F610A69}.Release|Any CPU.ActiveCfg = Release|Any CPU
		{9B968741-411F-484A-809B-B1869F610A69}.Release|Any CPU.Build.0 = Release|Any CPU
	EndGlobalSection
	GlobalSection(SolutionProperties) = preSolution
		HideSolutionNode = FALSE
	EndGlobalSection
	GlobalSection(ExtensibilityGlobals) = postSolution
		SolutionGuid = {ECE68AFB-6880-4426-857A-BE7283364BB0}
	EndGlobalSection
EndGlobal
